
Microsoft Visual Studio Solution File, Format Version 12.00
# Visual Studio Version 17
VisualStudioVersion = 17.8.34330.188
MinimumVisualStudioVersion = 10.0.40219.1
Project("{FAE04EC0-301F-11D3-BF4B-00C04F79EFBC}") = "com.thealliancecanada.RockSSOPlugin", "RockSSOPlugin\com.thealliancecanada.RockSSOPlugin.csproj", "{FDF0B0F2-6158-4C25-9869-50202A92BBBC}"
EndProject
Global
	GlobalSection(SolutionConfigurationPlatforms) = preSolution
		Debug|Any CPU = Debug|Any CPU
		Release|Any CPU = Release|Any CPU
	EndGlobalSection
	GlobalSection(ProjectConfigurationPlatforms) = postSolution
		{FDF0B0F2-6158-4C25-9869-50202A92BBBC}.Debug|Any CPU.ActiveCfg = Debug|Any CPU
		{FDF0B0F2-6158-4C25-9869-50202A92BBBC}.Debug|Any CPU.Build.0 = Debug|Any CPU
		{FDF0B0F2-6158-4C25-9869-50202A92BBBC}.Release|Any CPU.ActiveCfg = Release|Any CPU
		{FDF0B0F2-6158-4C25-9869-50202A92BBBC}.Release|Any CPU.Build.0 = Release|Any CPU
	EndGlobalSection
	GlobalSection(SolutionProperties) = preSolution
		HideSolutionNode = FALSE
	EndGlobalSection
	GlobalSection(ExtensibilityGlobals) = postSolution
		SolutionGuid = {2A273A52-C9F2-4F89-B9E1-75E85962F5B6}
	EndGlobalSection
EndGlobal
